{
  "lockfileVersion": 1,
  "configVersion": 1,
  "workspaces": {
    "": {
      "dependencies": {
        "dotenv": "^17.3.1",
        "hono": "^4.12.9",
        "jwt": "^0.2.0",
      },
    },
  },
  "packages": {
    "dotenv": ["dotenv@17.3.1", "", {}, "sha512-IO8C/dzEb6O3F9/twg6ZLXz164a2fhTnEWb95H23Dm4OuN+92NmEAlTrupP9VW6Jm3sO26tQlqyvyi4CsnY9GA=="],

    "hono": ["hono@4.12.9", "", {}, "sha512-wy3T8Zm2bsEvxKZM5w21VdHDDcwVS1yUFFY6i8UobSsKfFceT7TOwhbhfKsDyx7tYQlmRM5FLpIuYvNFyjctiA=="],

    "jwt": ["jwt@0.2.0", "", { "dependencies": { "node-base64": "0.0.1" } }, "sha512-+lsJgK3p+dr7yCHO19Ap2uFh+pMSCayPRGjWmf3kYCnYfO+1kqz4DqA8s65HKYIrw5c2NBo+dEvzoZUco09j4Q=="],

    "node-base64": ["node-base64@0.0.1", "", {}, "sha512-lzWZQXvK7O1g5aKPCTYQJFGJc3MToEMlGmhXN+2UtkRYQz0OiWHoSMkfqQedUYCwWnixvsauH/IFsaFkrspjYQ=="],
  }
}
